Microsoft Visual Studio Solution File, Format Version 12.00
# Visual Studio Version 17
VisualStudioVersion = 17.5.2.0
MinimumVisualStudioVersion = 10.0.40219.1
Project("{FAE04EC0-301F-11D3-BF4B-00C04F79EFBC}") = "CalculadoraGrafica.Interface", "CalculadoraGrafica.Interface.csproj", "{C7B6353A-3B08-0DDA-68EE-7093510B0093}"
EndProject
Global
	GlobalSection(SolutionConfigurationPlatforms) = preSolution
		Debug|Any CPU = Debug|Any CPU
		Release|Any CPU = Release|Any CPU
	EndGlobalSection
	GlobalSection(ProjectConfigurationPlatforms) = postSolution
		{C7B6353A-3B08-0DDA-68EE-7093510B0093}.Debug|Any CPU.ActiveCfg = Debug|Any CPU
		{C7B6353A-3B08-0DDA-68EE-7093510B0093}.Debug|Any CPU.Build.0 = Debug|Any CPU
		{C7B6353A-3B08-0DDA-68EE-7093510B0093}.Release|Any CPU.ActiveCfg = Release|Any CPU
		{C7B6353A-3B08-0DDA-68EE-7093510B0093}.Release|Any CPU.Build.0 = Release|Any CPU
	EndGlobalSection
	GlobalSection(SolutionProperties) = preSolution
		HideSolutionNode = FALSE
	EndGlobalSection
	GlobalSection(ExtensibilityGlobals) = postSolution
		SolutionGuid = {25A312D5-D530-4D47-A7DC-28F18E499E97}
	EndGlobalSection
EndGlobal
